
Microsoft Visual Studio Solution File, Format Version 12.00
# Visual Studio Version 17
VisualStudioVersion = 17.3.32721.290
MinimumVisualStudioVersion = 10.0.40219.1
Project("{9A19103F-16F7-4668-BE54-9A1E7A4F7556}") = "M64RPFW", "M64RPFW\M64RPFW.csproj", "{98BAE2F1-ACDF-4F85-94F9-4C7B7EA45487}"
EndProject
Project("{9A19103F-16F7-4668-BE54-9A1E7A4F7556}") = "M64RPFW.Models", "M64RPFW.Core\M64RPFW.Models.csproj", "{508D763D-0928-4C3E-BB2A-680C7FD4D664}"
EndProject
Project("{9A19103F-16F7-4668-BE54-9A1E7A4F7556}") = "M64RPFW.Styling", "M64RPFW.Styling\M64RPFW.Styling.csproj", "{2547CAFF-7ECE-405A-9899-0B492FCA2506}"
EndProject
Global
	GlobalSection(SolutionConfigurationPlatforms) = preSolution
		Debug|Any CPU = Debug|Any CPU
		Release|Any CPU = Release|Any CPU
	EndGlobalSection
	GlobalSection(ProjectConfigurationPlatforms) = postSolution
		{98BAE2F1-ACDF-4F85-94F9-4C7B7EA45487}.Debug|Any CPU.ActiveCfg = Debug|Any CPU
		{98BAE2F1-ACDF-4F85-94F9-4C7B7EA45487}.Debug|Any CPU.Build.0 = Debug|Any CPU
		{98BAE2F1-ACDF-4F85-94F9-4C7B7EA45487}.Release|Any CPU.ActiveCfg = Release|Any CPU
		{98BAE2F1-ACDF-4F85-94F9-4C7B7EA45487}.Release|Any CPU.Build.0 = Release|Any CPU
		{508D763D-0928-4C3E-BB2A-680C7FD4D664}.Debug|Any CPU.ActiveCfg = Debug|Any CPU
		{508D763D-0928-4C3E-BB2A-680C7FD4D664}.Debug|Any CPU.Build.0 = Debug|Any CPU
		{508D763D-0928-4C3E-BB2A-680C7FD4D664}.Release|Any CPU.ActiveCfg = Release|Any CPU
		{508D763D-0928-4C3E-BB2A-680C7FD4D664}.Release|Any CPU.Build.0 = Release|Any CPU
		{2547CAFF-7ECE-405A-9899-0B492FCA2506}.Debug|Any CPU.ActiveCfg = Debug|Any CPU
		{2547CAFF-7ECE-405A-9899-0B492FCA2506}.Debug|Any CPU.Build.0 = Debug|Any CPU
		{2547CAFF-7ECE-405A-9899-0B492FCA2506}.Release|Any CPU.ActiveCfg = Release|Any CPU
		{2547CAFF-7ECE-405A-9899-0B492FCA2506}.Release|Any CPU.Build.0 = Release|Any CPU
	EndGlobalSection
	GlobalSection(SolutionProperties) = preSolution
		HideSolutionNode = FALSE
	EndGlobalSection
	GlobalSection(ExtensibilityGlobals) = postSolution
		SolutionGuid = {7FA479B1-6CEF-4451-AD49-4237192DC051}
	EndGlobalSection
EndGlobal
