
Microsoft Visual Studio Solution File, Format Version 12.00
# Visual Studio Version 17
VisualStudioVersion = 17.6.33829.357
MinimumVisualStudioVersion = 10.0.40219.1
Project("{9A19103F-16F7-4668-BE54-9A1E7A4F7556}") = "M64RPFW.Services", "M64RPFW.Services\M64RPFW.Services.csproj", "{A9060ED0-1E31-48EA-A7FD-6D43D52C1B1A}"
EndProject
Project("{9A19103F-16F7-4668-BE54-9A1E7A4F7556}") = "M64RPFW.ViewModels", "M64RPFW.ViewModels\M64RPFW.ViewModels.csproj", "{AB0AF376-E524-49EC-8A21-E809172BB1B5}"
EndProject
Project("{9A19103F-16F7-4668-BE54-9A1E7A4F7556}") = "M64RPFW.Models", "M64RPFW.Models\M64RPFW.Models.csproj", "{4D5B413F-E005-41E3-A316-D2404E9F11BB}"
EndProject
Project("{9A19103F-16F7-4668-BE54-9A1E7A4F7556}") = "M64RPFW.Models.Types", "M64RPFW.Models.Types\M64RPFW.Models.Types.csproj", "{6EDD71B7-6238-4778-8885-998EBDF3349E}"
EndProject
Project("{9A19103F-16F7-4668-BE54-9A1E7A4F7556}") = "M64RPFW.Views.Avalonia", "M64RPFW.Views.Avalonia\M64RPFW.Views.Avalonia.csproj", "{F8317704-D8DF-4CB6-879B-2168B2E53CA1}"
	ProjectSection(ProjectDependencies) = postProject
		{4D5B413F-E005-41E3-A316-D2404E9F11BB} = {4D5B413F-E005-41E3-A316-D2404E9F11BB}
		{6EDD71B7-6238-4778-8885-998EBDF3349E} = {6EDD71B7-6238-4778-8885-998EBDF3349E}
		{A9060ED0-1E31-48EA-A7FD-6D43D52C1B1A} = {A9060ED0-1E31-48EA-A7FD-6D43D52C1B1A}
	EndProjectSection
EndProject
Global
	GlobalSection(SolutionConfigurationPlatforms) = preSolution
		Debug|Any CPU = Debug|Any CPU
		Release|Any CPU = Release|Any CPU
	EndGlobalSection
	GlobalSection(ProjectConfigurationPlatforms) = postSolution
		{A9060ED0-1E31-48EA-A7FD-6D43D52C1B1A}.Debug|Any CPU.ActiveCfg = Debug|Any CPU
		{A9060ED0-1E31-48EA-A7FD-6D43D52C1B1A}.Debug|Any CPU.Build.0 = Debug|Any CPU
		{A9060ED0-1E31-48EA-A7FD-6D43D52C1B1A}.Release|Any CPU.ActiveCfg = Release|Any CPU
		{A9060ED0-1E31-48EA-A7FD-6D43D52C1B1A}.Release|Any CPU.Build.0 = Release|Any CPU
		{AB0AF376-E524-49EC-8A21-E809172BB1B5}.Debug|Any CPU.ActiveCfg = Debug|Any CPU
		{AB0AF376-E524-49EC-8A21-E809172BB1B5}.Debug|Any CPU.Build.0 = Debug|Any CPU
		{AB0AF376-E524-49EC-8A21-E809172BB1B5}.Release|Any CPU.ActiveCfg = Release|Any CPU
		{AB0AF376-E524-49EC-8A21-E809172BB1B5}.Release|Any CPU.Build.0 = Release|Any CPU
		{4D5B413F-E005-41E3-A316-D2404E9F11BB}.Debug|Any CPU.ActiveCfg = Debug|Any CPU
		{4D5B413F-E005-41E3-A316-D2404E9F11BB}.Debug|Any CPU.Build.0 = Debug|Any CPU
		{4D5B413F-E005-41E3-A316-D2404E9F11BB}.Release|Any CPU.ActiveCfg = Release|Any CPU
		{4D5B413F-E005-41E3-A316-D2404E9F11BB}.Release|Any CPU.Build.0 = Release|Any CPU
		{6EDD71B7-6238-4778-8885-998EBDF3349E}.Debug|Any CPU.ActiveCfg = Debug|Any CPU
		{6EDD71B7-6238-4778-8885-998EBDF3349E}.Debug|Any CPU.Build.0 = Debug|Any CPU
		{6EDD71B7-6238-4778-8885-998EBDF3349E}.Release|Any CPU.ActiveCfg = Release|Any CPU
		{6EDD71B7-6238-4778-8885-998EBDF3349E}.Release|Any CPU.Build.0 = Release|Any CPU
		{F8317704-D8DF-4CB6-879B-2168B2E53CA1}.Debug|Any CPU.ActiveCfg = Debug|Any CPU
		{F8317704-D8DF-4CB6-879B-2168B2E53CA1}.Debug|Any CPU.Build.0 = Debug|Any CPU
		{F8317704-D8DF-4CB6-879B-2168B2E53CA1}.Release|Any CPU.ActiveCfg = Release|Any CPU
		{F8317704-D8DF-4CB6-879B-2168B2E53CA1}.Release|Any CPU.Build.0 = Release|Any CPU
	EndGlobalSection
	GlobalSection(SolutionProperties) = preSolution
		HideSolutionNode = FALSE
	EndGlobalSection
EndGlobal
